
Microsoft Visual Studio Solution File, Format Version 12.00
# Visual Studio Version 17
VisualStudioVersion = 17.10.34707.107
MinimumVisualStudioVersion = 10.0.40219.1
Project("{FAE04EC0-301F-11D3-BF4B-00C04F79EFBC}") = "SpecFlowLab3", "SpecFlowLab3\SpecFlowLab3.csproj", "{4029DA58-9765-4231-8C15-8A1070CE9BC8}"
EndProject
Global
	GlobalSection(SolutionConfigurationPlatforms) = preSolution
		Debug|Any CPU = Debug|Any CPU
		Release|Any CPU = Release|Any CPU
	EndGlobalSection
	GlobalSection(ProjectConfigurationPlatforms) = postSolution
		{4029DA58-9765-4231-8C15-8A1070CE9BC8}.Debug|Any CPU.ActiveCfg = Debug|Any CPU
		{4029DA58-9765-4231-8C15-8A1070CE9BC8}.Debug|Any CPU.Build.0 = Debug|Any CPU
		{4029DA58-9765-4231-8C15-8A1070CE9BC8}.Release|Any CPU.ActiveCfg = Release|Any CPU
		{4029DA58-9765-4231-8C15-8A1070CE9BC8}.Release|Any CPU.Build.0 = Release|Any CPU
	EndGlobalSection
	GlobalSection(SolutionProperties) = preSolution
		HideSolutionNode = FALSE
	EndGlobalSection
	GlobalSection(ExtensibilityGlobals) = postSolution
		SolutionGuid = {4C5ED624-CD2B-46DD-9708-46832F159D1C}
	EndGlobalSection
EndGlobal
